
Microsoft Visual Studio Solution File, Format Version 12.00
# Visual Studio Version 16
VisualStudioVersion = 16.0.28922.388
MinimumVisualStudioVersion = 10.0.40219.1
Project("{FAE04EC0-301F-11D3-BF4B-00C04F79EFBC}") = "LinqToObjects", "LINQ\LinqToObjects.csproj", "{A7DB3254-6CA1-4719-8AE5-8C75D1C86BEE}"
EndProject
Project("{FAE04EC0-301F-11D3-BF4B-00C04F79EFBC}") = "LinqToXml", "LinqToXML\LinqToXml.csproj", "{EFCAD709-5994-4872-8BC8-09C0814C17B9}"
EndProject
Global
	GlobalSection(SolutionConfigurationPlatforms) = preSolution
		Debug|Any CPU = Debug|Any CPU
		Release|Any CPU = Release|Any CPU
	EndGlobalSection
	GlobalSection(ProjectConfigurationPlatforms) = postSolution
		{A7DB3254-6CA1-4719-8AE5-8C75D1C86BEE}.Debug|Any CPU.ActiveCfg = Debug|Any CPU
		{A7DB3254-6CA1-4719-8AE5-8C75D1C86BEE}.Debug|Any CPU.Build.0 = Debug|Any CPU
		{A7DB3254-6CA1-4719-8AE5-8C75D1C86BEE}.Release|Any CPU.ActiveCfg = Release|Any CPU
		{A7DB3254-6CA1-4719-8AE5-8C75D1C86BEE}.Release|Any CPU.Build.0 = Release|Any CPU
		{EFCAD709-5994-4872-8BC8-09C0814C17B9}.Debug|Any CPU.ActiveCfg = Debug|Any CPU
		{EFCAD709-5994-4872-8BC8-09C0814C17B9}.Debug|Any CPU.Build.0 = Debug|Any CPU
		{EFCAD709-5994-4872-8BC8-09C0814C17B9}.Release|Any CPU.ActiveCfg = Release|Any CPU
		{EFCAD709-5994-4872-8BC8-09C0814C17B9}.Release|Any CPU.Build.0 = Release|Any CPU
	EndGlobalSection
	GlobalSection(SolutionProperties) = preSolution
		HideSolutionNode = FALSE
	EndGlobalSection
	GlobalSection(ExtensibilityGlobals) = postSolution
		SolutionGuid = {95EA31E8-01B2-4978-8338-0735D180F1CB}
	EndGlobalSection
EndGlobal
